<?xml version="1.0" encoding="utf-8"?>
<Project ToolsVersion="4.0" xmlns="http://schemas.microsoft.com/developer/msbuild/2003">
  <ItemGroup>
    <Filter Include="源文件">
      <UniqueIdentifier>{4FC737F1-C7A5-4376-A066-2A32D752A2FF}</UniqueIdentifier>
      <Extensions>cpp;c;cc;cxx;def;odl;idl;hpj;bat;asm;asmx</Extensions>
    </Filter>
    <Filter Include="头文件">
      <UniqueIdentifier>{93995380-89BD-4b04-88EB-625FBE52EBFB}</UniqueIdentifier>
      <Extensions>h;hh;hpp;hxx;hm;inl;inc;ipp;xsd</Extensions>
    </Filter>
    <Filter Include="资源文件">
      <UniqueIdentifier>{67DA6AB6-F800-4c08-8B7A-83BB121AAD01}</UniqueIdentifier>
      <Extensions>rc;ico;cur;bmp;dlg;rc2;rct;bin;rgs;gif;jpg;jpeg;jpe;resx;tiff;tif;png;wav;mfcribbon-ms</Extensions>
    </Filter>
  </ItemGroup>
  <ItemGroup>
    <ClCompile Include="main.cpp">
      <Filter>源文件</Filter>
    </ClCompile>
    <ClCompile Include="core\source\Engine.cpp">
      <Filter>源文件</Filter>
    </ClCompile>
    <ClCompile Include="core\source\GLContext.cpp">
      <Filter>源文件</Filter>
    </ClCompile>
    <ClCompile Include="scene\source\SceneTree.cpp">
      <Filter>源文件</Filter>
    </ClCompile>
    <ClCompile Include="core\source\Application.cpp">
      <Filter>源文件</Filter>
    </ClCompile>
    <ClCompile Include="Render\source\IRenderInterface.cpp">
      <Filter>源文件</Filter>
    </ClCompile>
    <ClCompile Include="Render\source\OglRenderInterface.cpp">
      <Filter>源文件</Filter>
    </ClCompile>
    <ClCompile Include="scene\source\SceneNode.cpp">
      <Filter>源文件</Filter>
    </ClCompile>
    <ClCompile Include="bind.cpp">
      <Filter>源文件</Filter>
    </ClCompile>
    <ClCompile Include="Render\source\RenderInterfaceWrap.cpp">
      <Filter>源文件</Filter>
    </ClCompile>
    <ClCompile Include="core\source\ResourceManager.cpp">
      <Filter>源文件</Filter>
    </ClCompile>
    <ClCompile Include="scene\source\SceneRenderable.cpp">
      <Filter>源文件</Filter>
    </ClCompile>
    <ClCompile Include="test\TestSceneMesh.cpp">
      <Filter>源文件</Filter>
    </ClCompile>
    <ClCompile Include="scene\source\SceneMesh.cpp">
      <Filter>源文件</Filter>
    </ClCompile>
    <ClCompile Include="Render\source\RenderPineline.cpp">
      <Filter>源文件</Filter>
    </ClCompile>
    <ClCompile Include="Render\source\RenderPass.cpp">
      <Filter>源文件</Filter>
    </ClCompile>
    <ClCompile Include="Render\source\ForwardPineline.cpp">
      <Filter>源文件</Filter>
    </ClCompile>
    <ClCompile Include="core\source\Window.cpp">
      <Filter>源文件</Filter>
    </ClCompile>
    <ClCompile Include="utils\source\CommandQueue.cpp">
      <Filter>源文件</Filter>
    </ClCompile>
    <ClCompile Include="data\source\Material.cpp">
      <Filter>源文件</Filter>
    </ClCompile>
    <ClCompile Include="data\source\MeshSource.cpp">
      <Filter>源文件</Filter>
    </ClCompile>
    <ClCompile Include="data\source\ShaderSource.cpp">
      <Filter>源文件</Filter>
    </ClCompile>
    <ClCompile Include="data\source\TextureSource.cpp">
      <Filter>源文件</Filter>
    </ClCompile>
    <ClCompile Include="data\source\GeometryData.cpp">
      <Filter>源文件</Filter>
    </ClCompile>
    <ClCompile Include="data\source\RawSource.cpp">
      <Filter>源文件</Filter>
    </ClCompile>
    <ClCompile Include="data\source\TextureData.cpp">
      <Filter>源文件</Filter>
    </ClCompile>
    <ClCompile Include="Render\source\RenderProxy.cpp">
      <Filter>源文件</Filter>
    </ClCompile>
    <ClCompile Include="Component\source\TransformComponent.cpp">
      <Filter>源文件</Filter>
    </ClCompile>
    <ClCompile Include="Component\source\MeshComponent.cpp">
      <Filter>源文件</Filter>
    </ClCompile>
    <ClCompile Include="Component\source\CameraComponent.cpp">
      <Filter>源文件</Filter>
    </ClCompile>
    <ClCompile Include="scene\source\ScenePawn.cpp">
      <Filter>源文件</Filter>
    </ClCompile>
    <ClCompile Include="Component\source\MoveComponent.cpp">
      <Filter>源文件</Filter>
    </ClCompile>
  </ItemGroup>
  <ItemGroup>
    <None Include="packages.config" />
  </ItemGroup>
  <ItemGroup>
    <ClInclude Include="scene\head\SceneTree.h">
      <Filter>头文件</Filter>
    </ClInclude>
    <ClInclude Include="core\head\Engine.h">
      <Filter>头文件</Filter>
    </ClInclude>
    <ClInclude Include="core\head\GLContext.h">
      <Filter>头文件</Filter>
    </ClInclude>
    <ClInclude Include="core\head\Application.h">
      <Filter>头文件</Filter>
    </ClInclude>
    <ClInclude Include="Render\head\IRenderInterface.h">
      <Filter>头文件</Filter>
    </ClInclude>
    <ClInclude Include="Render\head\OglRenderInterface.h">
      <Filter>头文件</Filter>
    </ClInclude>
    <ClInclude Include="scene\head\SceneNode.h">
      <Filter>头文件</Filter>
    </ClInclude>
    <ClInclude Include="Render\head\RenderInterfaceWrap.h">
      <Filter>头文件</Filter>
    </ClInclude>
    <ClInclude Include="scene\head\SceneMesh.h">
      <Filter>头文件</Filter>
    </ClInclude>
    <ClInclude Include="core\head\ResourceManager.h">
      <Filter>头文件</Filter>
    </ClInclude>
    <ClInclude Include="scene\head\SceneRenderable.h">
      <Filter>头文件</Filter>
    </ClInclude>
    <ClInclude Include="test\TestSceneMesh.h">
      <Filter>头文件</Filter>
    </ClInclude>
    <ClInclude Include="Render\head\RenderPass.h">
      <Filter>头文件</Filter>
    </ClInclude>
    <ClInclude Include="Render\head\RenderPineline.h">
      <Filter>头文件</Filter>
    </ClInclude>
    <ClInclude Include="Render\head\ForwardPineline.h">
      <Filter>头文件</Filter>
    </ClInclude>
    <ClInclude Include="core\head\Window.h">
      <Filter>头文件</Filter>
    </ClInclude>
    <ClInclude Include="utils\head\CommandQueue.h">
      <Filter>头文件</Filter>
    </ClInclude>
    <ClInclude Include="utils\head\Delegate.h">
      <Filter>头文件</Filter>
    </ClInclude>
    <ClInclude Include="utils\head\RefCountedPtr.h">
      <Filter>头文件</Filter>
    </ClInclude>
    <ClInclude Include="utils\head\SimpleType.h">
      <Filter>头文件</Filter>
    </ClInclude>
    <ClInclude Include="data\head\GPUResource.h">
      <Filter>头文件</Filter>
    </ClInclude>
    <ClInclude Include="data\head\Material.h">
      <Filter>头文件</Filter>
    </ClInclude>
    <ClInclude Include="data\head\MeshSource.h">
      <Filter>头文件</Filter>
    </ClInclude>
    <ClInclude Include="data\head\ShaderSource.h">
      <Filter>头文件</Filter>
    </ClInclude>
    <ClInclude Include="data\head\TextureSource.h">
      <Filter>头文件</Filter>
    </ClInclude>
    <ClInclude Include="data\head\CPUResource.h">
      <Filter>头文件</Filter>
    </ClInclude>
    <ClInclude Include="data\head\GeometryData.h">
      <Filter>头文件</Filter>
    </ClInclude>
    <ClInclude Include="data\head\RawResource.h">
      <Filter>头文件</Filter>
    </ClInclude>
    <ClInclude Include="data\head\ShaderData.h">
      <Filter>头文件</Filter>
    </ClInclude>
    <ClInclude Include="data\head\TextureData.h">
      <Filter>头文件</Filter>
    </ClInclude>
    <ClInclude Include="Render\head\RenderProxy.h">
      <Filter>头文件</Filter>
    </ClInclude>
    <ClInclude Include="Component\head\TransformComponent.h">
      <Filter>头文件</Filter>
    </ClInclude>
    <ClInclude Include="Component\head\MeshComponent.h">
      <Filter>头文件</Filter>
    </ClInclude>
    <ClInclude Include="Component\head\CameraComponent.h">
      <Filter>头文件</Filter>
    </ClInclude>
    <ClInclude Include="core\head\AdaMath.h">
      <Filter>头文件</Filter>
    </ClInclude>
    <ClInclude Include="core\head\Event.h">
      <Filter>头文件</Filter>
    </ClInclude>
    <ClInclude Include="scene\head\ScenePawn.h">
      <Filter>头文件</Filter>
    </ClInclude>
    <ClInclude Include="Component\head\MoveComponent.h">
      <Filter>头文件</Filter>
    </ClInclude>
  </ItemGroup>
</Project>